
Microsoft Visual Studio Solution File, Format Version 12.00
# Visual Studio 2015
Project("{FAE04EC0-301F-11D3-BF4B-00C04F79EFBC}") = "IST446-Twinstick.CSharp", "IST446-Twinstick.CSharp.csproj", "{898C14FC-9BCC-542D-51EC-0E58DBA3018E}"
EndProject
Global
	GlobalSection(SolutionConfigurationPlatforms) = preSolution
		Debug|Any CPU = Debug|Any CPU
		Release|Any CPU = Release|Any CPU
	EndGlobalSection
	GlobalSection(ProjectConfigurationPlatforms) = postSolution
		{898C14FC-9BCC-542D-51EC-0E58DBA3018E}.Debug|Any CPU.ActiveCfg = Debug|Any CPU
		{898C14FC-9BCC-542D-51EC-0E58DBA3018E}.Debug|Any CPU.Build.0 = Debug|Any CPU
		{898C14FC-9BCC-542D-51EC-0E58DBA3018E}.Release|Any CPU.ActiveCfg = Release|Any CPU
		{898C14FC-9BCC-542D-51EC-0E58DBA3018E}.Release|Any CPU.Build.0 = Release|Any CPU
	EndGlobalSection
	GlobalSection(SolutionProperties) = preSolution
		HideSolutionNode = FALSE
	EndGlobalSection
EndGlobal
